
Microsoft Visual Studio Solution File, Format Version 12.00
# Visual Studio 15
VisualStudioVersion = 15.0.27703.2000
MinimumVisualStudioVersion = 10.0.40219.1
Project("{FAE04EC0-301F-11D3-BF4B-00C04F79EFBC}") = "Project", "Project\Project.csproj", "{5932FF26-9AB5-4CF3-8F87-FFE1F07F37A5}"
EndProject
Project("{2150E333-8FDC-42A3-9474-1A3956D46DE8}") = "Services", "Services", "{32F10C20-E745-4123-94DA-EAB8E7DFFCC0}"
EndProject
Project("{2150E333-8FDC-42A3-9474-1A3956D46DE8}") = "BuildingBlocks", "BuildingBlocks", "{BC3876DC-69D0-4180-9AE4-B4E3E6809794}"
EndProject
Project("{9A19103F-16F7-4668-BE54-9A1E7A4F7556}") = "Identity.Api", "Identity.Api\Identity.Api.csproj", "{83C8DD4D-E352-471C-945B-F069A60ACE1D}"
EndProject
Project("{9A19103F-16F7-4668-BE54-9A1E7A4F7556}") = "Models", "Models\Models.csproj", "{5CDE8318-7676-408A-B115-C3C818C5571F}"
EndProject
Project("{2150E333-8FDC-42A3-9474-1A3956D46DE8}") = "Identity", "Identity", "{204F57F8-850B-4DAB-8954-A22396C8723E}"
EndProject
Project("{9A19103F-16F7-4668-BE54-9A1E7A4F7556}") = "WebHost.Customization", "WebHost.Customization\WebHost.Customization.csproj", "{4CAE7269-2BFF-4A3B-A860-195ADD6782FE}"
EndProject
Project("{2150E333-8FDC-42A3-9474-1A3956D46DE8}") = "Catalog", "Catalog", "{DF3E364F-25A8-4393-AE91-10FC7BC471FD}"
EndProject
Project("{9A19103F-16F7-4668-BE54-9A1E7A4F7556}") = "Catalog.Api", "Catalog.Api\Catalog.Api.csproj", "{F765AF27-D933-4C42-B009-14883DC5F03B}"
EndProject
Project("{9A19103F-16F7-4668-BE54-9A1E7A4F7556}") = "CatalogContext", "CatalogContext\CatalogContext.csproj", "{69C17235-19E5-4D7D-A61F-3C81258ED99C}"
EndProject
Project("{9A19103F-16F7-4668-BE54-9A1E7A4F7556}") = "Extensions", "Extensions\Extensions.csproj", "{648FCCDB-6FD0-41DF-AC36-F5022ECED765}"
EndProject
Project("{9A19103F-16F7-4668-BE54-9A1E7A4F7556}") = "IdentityContext", "IdentityContext\IdentityContext.csproj", "{6202942E-49CB-43FD-A4EE-1A8F7ACDD00F}"
EndProject
Global
	GlobalSection(SolutionConfigurationPlatforms) = preSolution
		Debug|Any CPU = Debug|Any CPU
		Release|Any CPU = Release|Any CPU
	EndGlobalSection
	GlobalSection(ProjectConfigurationPlatforms) = postSolution
		{5932FF26-9AB5-4CF3-8F87-FFE1F07F37A5}.Debug|Any CPU.ActiveCfg = Debug|Any CPU
		{5932FF26-9AB5-4CF3-8F87-FFE1F07F37A5}.Debug|Any CPU.Build.0 = Debug|Any CPU
		{5932FF26-9AB5-4CF3-8F87-FFE1F07F37A5}.Release|Any CPU.ActiveCfg = Release|Any CPU
		{5932FF26-9AB5-4CF3-8F87-FFE1F07F37A5}.Release|Any CPU.Build.0 = Release|Any CPU
		{83C8DD4D-E352-471C-945B-F069A60ACE1D}.Debug|Any CPU.ActiveCfg = Debug|Any CPU
		{83C8DD4D-E352-471C-945B-F069A60ACE1D}.Debug|Any CPU.Build.0 = Debug|Any CPU
		{83C8DD4D-E352-471C-945B-F069A60ACE1D}.Release|Any CPU.ActiveCfg = Release|Any CPU
		{83C8DD4D-E352-471C-945B-F069A60ACE1D}.Release|Any CPU.Build.0 = Release|Any CPU
		{5CDE8318-7676-408A-B115-C3C818C5571F}.Debug|Any CPU.ActiveCfg = Debug|Any CPU
		{5CDE8318-7676-408A-B115-C3C818C5571F}.Debug|Any CPU.Build.0 = Debug|Any CPU
		{5CDE8318-7676-408A-B115-C3C818C5571F}.Release|Any CPU.ActiveCfg = Release|Any CPU
		{5CDE8318-7676-408A-B115-C3C818C5571F}.Release|Any CPU.Build.0 = Release|Any CPU
		{4CAE7269-2BFF-4A3B-A860-195ADD6782FE}.Debug|Any CPU.ActiveCfg = Debug|Any CPU
		{4CAE7269-2BFF-4A3B-A860-195ADD6782FE}.Debug|Any CPU.Build.0 = Debug|Any CPU
		{4CAE7269-2BFF-4A3B-A860-195ADD6782FE}.Release|Any CPU.ActiveCfg = Release|Any CPU
		{4CAE7269-2BFF-4A3B-A860-195ADD6782FE}.Release|Any CPU.Build.0 = Release|Any CPU
		{F765AF27-D933-4C42-B009-14883DC5F03B}.Debug|Any CPU.ActiveCfg = Debug|Any CPU
		{F765AF27-D933-4C42-B009-14883DC5F03B}.Debug|Any CPU.Build.0 = Debug|Any CPU
		{F765AF27-D933-4C42-B009-14883DC5F03B}.Release|Any CPU.ActiveCfg = Release|Any CPU
		{F765AF27-D933-4C42-B009-14883DC5F03B}.Release|Any CPU.Build.0 = Release|Any CPU
		{69C17235-19E5-4D7D-A61F-3C81258ED99C}.Debug|Any CPU.ActiveCfg = Debug|Any CPU
		{69C17235-19E5-4D7D-A61F-3C81258ED99C}.Debug|Any CPU.Build.0 = Debug|Any CPU
		{69C17235-19E5-4D7D-A61F-3C81258ED99C}.Release|Any CPU.ActiveCfg = Release|Any CPU
		{69C17235-19E5-4D7D-A61F-3C81258ED99C}.Release|Any CPU.Build.0 = Release|Any CPU
		{648FCCDB-6FD0-41DF-AC36-F5022ECED765}.Debug|Any CPU.ActiveCfg = Debug|Any CPU
		{648FCCDB-6FD0-41DF-AC36-F5022ECED765}.Debug|Any CPU.Build.0 = Debug|Any CPU
		{648FCCDB-6FD0-41DF-AC36-F5022ECED765}.Release|Any CPU.ActiveCfg = Release|Any CPU
		{648FCCDB-6FD0-41DF-AC36-F5022ECED765}.Release|Any CPU.Build.0 = Release|Any CPU
		{6202942E-49CB-43FD-A4EE-1A8F7ACDD00F}.Debug|Any CPU.ActiveCfg = Debug|Any CPU
		{6202942E-49CB-43FD-A4EE-1A8F7ACDD00F}.Debug|Any CPU.Build.0 = Debug|Any CPU
		{6202942E-49CB-43FD-A4EE-1A8F7ACDD00F}.Release|Any CPU.ActiveCfg = Release|Any CPU
		{6202942E-49CB-43FD-A4EE-1A8F7ACDD00F}.Release|Any CPU.Build.0 = Release|Any CPU
	EndGlobalSection
	GlobalSection(SolutionProperties) = preSolution
		HideSolutionNode = FALSE
	EndGlobalSection
	GlobalSection(NestedProjects) = preSolution
		{83C8DD4D-E352-471C-945B-F069A60ACE1D} = {204F57F8-850B-4DAB-8954-A22396C8723E}
		{5CDE8318-7676-408A-B115-C3C818C5571F} = {BC3876DC-69D0-4180-9AE4-B4E3E6809794}
		{204F57F8-850B-4DAB-8954-A22396C8723E} = {32F10C20-E745-4123-94DA-EAB8E7DFFCC0}
		{4CAE7269-2BFF-4A3B-A860-195ADD6782FE} = {BC3876DC-69D0-4180-9AE4-B4E3E6809794}
		{DF3E364F-25A8-4393-AE91-10FC7BC471FD} = {32F10C20-E745-4123-94DA-EAB8E7DFFCC0}
		{F765AF27-D933-4C42-B009-14883DC5F03B} = {DF3E364F-25A8-4393-AE91-10FC7BC471FD}
		{69C17235-19E5-4D7D-A61F-3C81258ED99C} = {DF3E364F-25A8-4393-AE91-10FC7BC471FD}
		{648FCCDB-6FD0-41DF-AC36-F5022ECED765} = {BC3876DC-69D0-4180-9AE4-B4E3E6809794}
		{6202942E-49CB-43FD-A4EE-1A8F7ACDD00F} = {204F57F8-850B-4DAB-8954-A22396C8723E}
	EndGlobalSection
	GlobalSection(ExtensibilityGlobals) = postSolution
		SolutionGuid = {09A1A38B-BF59-4547-AC7F-CC0F465EF281}
	EndGlobalSection
EndGlobal
